// !$*UTF8*$!
{
	archiveVersion = 1;
	classes = {
	};
	objectVersion = 48;
	objects = {

/* Begin PBXBuildFile section */
		25088F84200DB5A9005CD5A4 /* UIColor.swift in Sources */ = {isa = PBXBuildFile; fileRef = 25088F83200DB5A9005CD5A4 /* UIColor.swift */; };
		25192DA32028CBF400F43D95 /* TrendingView.swift in Sources */ = {isa = PBXBuildFile; fileRef = 25192DA22028CBF400F43D95 /* TrendingView.swift */; };
		25192DA52028DDF200F43D95 /* KeyboardLayoutConstraint.swift in Sources */ = {isa = PBXBuildFile; fileRef = 25192DA42028DDF200F43D95 /* KeyboardLayoutConstraint.swift */; };
		251C6FF12019553F0035F775 /* Dictionary+URLQueryParams.swift in Sources */ = {isa = PBXBuildFile; fileRef = 251C6FF02019553F0035F775 /* Dictionary+URLQueryParams.swift */; };
		251C6FF7201A51120035F775 /* GiphyUser.swift in Sources */ = {isa = PBXBuildFile; fileRef = 251C6FF6201A51120035F775 /* GiphyUser.swift */; };
		251F4BDA2051A50E00772BAC /* UserProfileImageView.swift in Sources */ = {isa = PBXBuildFile; fileRef = 251F4BD92051A50E00772BAC /* UserProfileImageView.swift */; };
		25267794201C5F4B00791E07 /* GifImage.swift in Sources */ = {isa = PBXBuildFile; fileRef = 25267793201C5F4B00791E07 /* GifImage.swift */; };
		25267796201DA4F200791E07 /* GifImageType.swift in Sources */ = {isa = PBXBuildFile; fileRef = 25267795201DA4F200791E07 /* GifImageType.swift */; };
		252DE0BB203F2A35002E6FED /* DynamicLayout.swift in Sources */ = {isa = PBXBuildFile; fileRef = 252DE0BA203F2A35002E6FED /* DynamicLayout.swift */; };
		252E9AC1200E739700EB8D76 /* TrendingNavigationBar.swift in Sources */ = {isa = PBXBuildFile; fileRef = 252E9AC0200E739700EB8D76 /* TrendingNavigationBar.swift */; };
		25413D5B2047413900FE1C5C /* GifCache.swift in Sources */ = {isa = PBXBuildFile; fileRef = 25413D5A2047413900FE1C5C /* GifCache.swift */; };
		2542E3FD200737F7004AF9C0 /* ApiClient.swift in Sources */ = {isa = PBXBuildFile; fileRef = 2542E3FC200737F7004AF9C0 /* ApiClient.swift */; };
		2542E3FF2007391B004AF9C0 /* Endpoints.swift in Sources */ = {isa = PBXBuildFile; fileRef = 2542E3FE2007391B004AF9C0 /* Endpoints.swift */; };
		2542E4012007394F004AF9C0 /* GiphyApiClient.swift in Sources */ = {isa = PBXBuildFile; fileRef = 2542E4002007394F004AF9C0 /* GiphyApiClient.swift */; };
		2542E40320080B8E004AF9C0 /* TrendingInitialLoadAnimationController.swift in Sources */ = {isa = PBXBuildFile; fileRef = 2542E40220080B8E004AF9C0 /* TrendingInitialLoadAnimationController.swift */; };
		2542E40520081B2B004AF9C0 /* NavDelegate.swift in Sources */ = {isa = PBXBuildFile; fileRef = 2542E40420081B2B004AF9C0 /* NavDelegate.swift */; };
		2542E40720082B0B004AF9C0 /* FirstLoadViewController.swift in Sources */ = {isa = PBXBuildFile; fileRef = 2542E40620082B0B004AF9C0 /* FirstLoadViewController.swift */; };
		2553A0F0204501C4001D1613 /* GifViewController.swift in Sources */ = {isa = PBXBuildFile; fileRef = 2553A0EF204501C4001D1613 /* GifViewController.swift */; };
		2567D058204F95CB00DD6871 /* UserImagePlaceholderView.swift in Sources */ = {isa = PBXBuildFile; fileRef = 2567D057204F95CB00DD6871 /* UserImagePlaceholderView.swift */; };
		256806FA200CAF8F00BC5024 /* TrendingSearchFlowCoordinator.swift in Sources */ = {isa = PBXBuildFile; fileRef = 256806F9200CAF8F00BC5024 /* TrendingSearchFlowCoordinator.swift */; };
		256806FC200D204900BC5024 /* TrendingInitialLoadTransitioningDelegate.swift in Sources */ = {isa = PBXBuildFile; fileRef = 256806FB200D204900BC5024 /* TrendingInitialLoadTransitioningDelegate.swift */; };
		257D83AD204503F500BA4284 /* GifView.swift in Sources */ = {isa = PBXBuildFile; fileRef = 257D83AC204503F500BA4284 /* GifView.swift */; };
		258403D520194B850085DB97 /* MediaItem.swift in Sources */ = {isa = PBXBuildFile; fileRef = 258403D420194B850085DB97 /* MediaItem.swift */; };
		258A57B320328E2900DB8975 /* Coordinator.swift in Sources */ = {isa = PBXBuildFile; fileRef = 258A57B220328E2900DB8975 /* Coordinator.swift */; };
		259B4B8B200D9F2E00819A0E /* TrendingCollectionViewCell.swift in Sources */ = {isa = PBXBuildFile; fileRef = 259B4B8A200D9F2E00819A0E /* TrendingCollectionViewCell.swift */; };
		259B4B8D200DA06300819A0E /* TrendingCollectionViewDataSource.swift in Sources */ = {isa = PBXBuildFile; fileRef = 259B4B8C200DA06300819A0E /* TrendingCollectionViewDataSource.swift */; };
		259B4B8F200DA39900819A0E /* Theme.swift in Sources */ = {isa = PBXBuildFile; fileRef = 259B4B8E200DA39900819A0E /* Theme.swift */; };
		259B4B92200DA59D00819A0E /* UIFont.swift in Sources */ = {isa = PBXBuildFile; fileRef = 259B4B91200DA59D00819A0E /* UIFont.swift */; };
		259FB28B2058EEAD0021F94F /* LogoView.swift in Sources */ = {isa = PBXBuildFile; fileRef = 259FB28A2058EEAD0021F94F /* LogoView.swift */; };
		25BA63D920226B75004B4E2A /* GifsList.swift in Sources */ = {isa = PBXBuildFile; fileRef = 25BA63D820226B75004B4E2A /* GifsList.swift */; };
		25DFFA2A2006030E0018D688 /* AppDelegate.swift in Sources */ = {isa = PBXBuildFile; fileRef = 25DFFA292006030E0018D688 /* AppDelegate.swift */; };
		25DFFA312006030E0018D688 /* Assets.xcassets in Resources */ = {isa = PBXBuildFile; fileRef = 25DFFA302006030E0018D688 /* Assets.xcassets */; };
		25DFFA342006030E0018D688 /* LaunchScreen.storyboard in Resources */ = {isa = PBXBuildFile; fileRef = 25DFFA322006030E0018D688 /* LaunchScreen.storyboard */; };
		25DFFA3F2006030E0018D688 /* SpiffyGiphyTests.swift in Sources */ = {isa = PBXBuildFile; fileRef = 25DFFA3E2006030E0018D688 /* SpiffyGiphyTests.swift */; };
		25DFFA4A2006030E0018D688 /* SpiffyGiphyUITests.swift in Sources */ = {isa = PBXBuildFile; fileRef = 25DFFA492006030E0018D688 /* SpiffyGiphyUITests.swift */; };
		25DFFA58200603CA0018D688 /* AppCoordinator.swift in Sources */ = {isa = PBXBuildFile; fileRef = 25DFFA57200603CA0018D688 /* AppCoordinator.swift */; };
		25DFFA5E20070BCB0018D688 /* TrendingCollectionViewController.swift in Sources */ = {isa = PBXBuildFile; fileRef = 25DFFA5D20070BCB0018D688 /* TrendingCollectionViewController.swift */; };
		25DFFA6020070DD60018D688 /* SpiffyGiphyNavigationController.swift in Sources */ = {isa = PBXBuildFile; fileRef = 25DFFA5F20070DD60018D688 /* SpiffyGiphyNavigationController.swift */; };
		25DFFA62200711BD0018D688 /* ColumnFlowLayout.swift in Sources */ = {isa = PBXBuildFile; fileRef = 25DFFA61200711BD0018D688 /* ColumnFlowLayout.swift */; };
		25E9CCBF202E9D7F0034BAE4 /* GifViewTransitionController.swift in Sources */ = {isa = PBXBuildFile; fileRef = 25E9CCBE202E9D7F0034BAE4 /* GifViewTransitionController.swift */; };
		4F69BA64452D6FCBFBD67B2C /* Pods_SpiffyGiphyUITests.framework in Frameworks */ = {isa = PBXBuildFile; fileRef = 2C9D5B634F4D34236340EA44 /* Pods_SpiffyGiphyUITests.framework */; };
		D1D35D8933B54D36905CA4FB /* Pods_SpiffyGiphy.framework in Frameworks */ = {isa = PBXBuildFile; fileRef = F6409669E4F9682281AFDF0C /* Pods_SpiffyGiphy.framework */; };
		D50E459EE78112D31C72098C /* Pods_SpiffyGiphyTests.framework in Frameworks */ = {isa = PBXBuildFile; fileRef = E4D5C3A3EA1F74AC77309527 /* Pods_SpiffyGiphyTests.framework */; };
/* End PBXBuildFile section */

/* Begin PBXContainerItemProxy section */
		25DFFA3B2006030E0018D688 /* PBXContainerItemProxy */ = {
			isa = PBXContainerItemProxy;
			containerPortal = 25DFFA1E2006030E0018D688 /* Project object */;
			proxyType = 1;
			remoteGlobalIDString = 25DFFA252006030E0018D688;
			remoteInfo = SpiffyGiphy;
		};
		25DFFA462006030E0018D688 /* PBXContainerItemProxy */ = {
			isa = PBXContainerItemProxy;
			containerPortal = 25DFFA1E2006030E0018D688 /* Project object */;
			proxyType = 1;
			remoteGlobalIDString = 25DFFA252006030E0018D688;
			remoteInfo = SpiffyGiphy;
		};
/* End PBXContainerItemProxy section */

/* Begin PBXFileReference section */
		17919E6BFB65F0A457647760 /* Pods-SpiffyGiphy.release.xcconfig */ = {isa = PBXFileReference; includeInIndex = 1; lastKnownFileType = text.xcconfig; name = "Pods-SpiffyGiphy.release.xcconfig"; path = "Pods/Target Support Files/Pods-SpiffyGiphy/Pods-SpiffyGiphy.release.xcconfig"; sourceTree = "<group>"; };
		25088F83200DB5A9005CD5A4 /* UIColor.swift */ = {isa = PBXFileReference; lastKnownFileType = sourcecode.swift; path = UIColor.swift; sourceTree = "<group>"; };
		25192DA22028CBF400F43D95 /* TrendingView.swift */ = {isa = PBXFileReference; lastKnownFileType = sourcecode.swift; path = TrendingView.swift; sourceTree = "<group>"; };
		25192DA42028DDF200F43D95 /* KeyboardLayoutConstraint.swift */ = {isa = PBXFileReference; lastKnownFileType = sourcecode.swift; path = KeyboardLayoutConstraint.swift; sourceTree = "<group>"; };
		251C6FF02019553F0035F775 /* Dictionary+URLQueryParams.swift */ = {isa = PBXFileReference; lastKnownFileType = sourcecode.swift; path = "Dictionary+URLQueryParams.swift"; sourceTree = "<group>"; };
		251C6FF6201A51120035F775 /* GiphyUser.swift */ = {isa = PBXFileReference; lastKnownFileType = sourcecode.swift; path = GiphyUser.swift; sourceTree = "<group>"; };
		251F4BD92051A50E00772BAC /* UserProfileImageView.swift */ = {isa = PBXFileReference; lastKnownFileType = sourcecode.swift; path = UserProfileImageView.swift; sourceTree = "<group>"; };
		25267793201C5F4B00791E07 /* GifImage.swift */ = {isa = PBXFileReference; lastKnownFileType = sourcecode.swift; path = GifImage.swift; sourceTree = "<group>"; };
		25267795201DA4F200791E07 /* GifImageType.swift */ = {isa = PBXFileReference; lastKnownFileType = sourcecode.swift; path = GifImageType.swift; sourceTree = "<group>"; };
		252DE0BA203F2A35002E6FED /* DynamicLayout.swift */ = {isa = PBXFileReference; lastKnownFileType = sourcecode.swift; path = DynamicLayout.swift; sourceTree = "<group>"; };
		252E9AC0200E739700EB8D76 /* TrendingNavigationBar.swift */ = {isa = PBXFileReference; lastKnownFileType = sourcecode.swift; path = TrendingNavigationBar.swift; sourceTree = "<group>"; };
		25413D5A2047413900FE1C5C /* GifCache.swift */ = {isa = PBXFileReference; lastKnownFileType = sourcecode.swift; path = GifCache.swift; sourceTree = "<group>"; };
		2542E3FC200737F7004AF9C0 /* ApiClient.swift */ = {isa = PBXFileReference; lastKnownFileType = sourcecode.swift; path = ApiClient.swift; sourceTree = "<group>"; };
		2542E3FE2007391B004AF9C0 /* Endpoints.swift */ = {isa = PBXFileReference; lastKnownFileType = sourcecode.swift; path = Endpoints.swift; sourceTree = "<group>"; };
		2542E4002007394F004AF9C0 /* GiphyApiClient.swift */ = {isa = PBXFileReference; lastKnownFileType = sourcecode.swift; path = GiphyApiClient.swift; sourceTree = "<group>"; };
		2542E40220080B8E004AF9C0 /* TrendingInitialLoadAnimationController.swift */ = {isa = PBXFileReference; lastKnownFileType = sourcecode.swift; path = TrendingInitialLoadAnimationController.swift; sourceTree = "<group>"; };
		2542E40420081B2B004AF9C0 /* NavDelegate.swift */ = {isa = PBXFileReference; lastKnownFileType = sourcecode.swift; path = NavDelegate.swift; sourceTree = "<group>"; };
		2542E40620082B0B004AF9C0 /* FirstLoadViewController.swift */ = {isa = PBXFileReference; lastKnownFileType = sourcecode.swift; name = FirstLoadViewController.swift; path = "SpiffyGiphy/User Interface/App/FirstLoadViewController.swift"; sourceTree = SOURCE_ROOT; };
		2553A0EF204501C4001D1613 /* GifViewController.swift */ = {isa = PBXFileReference; lastKnownFileType = sourcecode.swift; path = GifViewController.swift; sourceTree = "<group>"; };
		2567D057204F95CB00DD6871 /* UserImagePlaceholderView.swift */ = {isa = PBXFileReference; lastKnownFileType = sourcecode.swift; path = UserImagePlaceholderView.swift; sourceTree = "<group>"; };
		256806F9200CAF8F00BC5024 /* TrendingSearchFlowCoordinator.swift */ = {isa = PBXFileReference; lastKnownFileType = sourcecode.swift; path = TrendingSearchFlowCoordinator.swift; sourceTree = "<group>"; };
		256806FB200D204900BC5024 /* TrendingInitialLoadTransitioningDelegate.swift */ = {isa = PBXFileReference; lastKnownFileType = sourcecode.swift; path = TrendingInitialLoadTransitioningDelegate.swift; sourceTree = "<group>"; };
		257D83AC204503F500BA4284 /* GifView.swift */ = {isa = PBXFileReference; lastKnownFileType = sourcecode.swift; path = GifView.swift; sourceTree = "<group>"; };
		258403D420194B850085DB97 /* MediaItem.swift */ = {isa = PBXFileReference; lastKnownFileType = sourcecode.swift; path = MediaItem.swift; sourceTree = "<group>"; };
		258A57B220328E2900DB8975 /* Coordinator.swift */ = {isa = PBXFileReference; lastKnownFileType = sourcecode.swift; path = Coordinator.swift; sourceTree = "<group>"; };
		259B4B8A200D9F2E00819A0E /* TrendingCollectionViewCell.swift */ = {isa = PBXFileReference; lastKnownFileType = sourcecode.swift; path = TrendingCollectionViewCell.swift; sourceTree = "<group>"; };
		259B4B8C200DA06300819A0E /* TrendingCollectionViewDataSource.swift */ = {isa = PBXFileReference; lastKnownFileType = sourcecode.swift; path = TrendingCollectionViewDataSource.swift; sourceTree = "<group>"; };
		259B4B8E200DA39900819A0E /* Theme.swift */ = {isa = PBXFileReference; lastKnownFileType = sourcecode.swift; path = Theme.swift; sourceTree = "<group>"; };
		259B4B91200DA59D00819A0E /* UIFont.swift */ = {isa = PBXFileReference; lastKnownFileType = sourcecode.swift; path = UIFont.swift; sourceTree = "<group>"; };
		259FB28A2058EEAD0021F94F /* LogoView.swift */ = {isa = PBXFileReference; lastKnownFileType = sourcecode.swift; path = LogoView.swift; sourceTree = "<group>"; };
		25BA63D820226B75004B4E2A /* GifsList.swift */ = {isa = PBXFileReference; lastKnownFileType = sourcecode.swift; path = GifsList.swift; sourceTree = "<group>"; };
		25DFFA262006030E0018D688 /* SpiffyGiphy.app */ = {isa = PBXFileReference; explicitFileType = wrapper.application; includeInIndex = 0; path = SpiffyGiphy.app; sourceTree = BUILT_PRODUCTS_DIR; };
		25DFFA292006030E0018D688 /* AppDelegate.swift */ = {isa = PBXFileReference; lastKnownFileType = sourcecode.swift; path = AppDelegate.swift; sourceTree = "<group>"; };
		25DFFA302006030E0018D688 /* Assets.xcassets */ = {isa = PBXFileReference; lastKnownFileType = folder.assetcatalog; path = Assets.xcassets; sourceTree = "<group>"; };
		25DFFA332006030E0018D688 /* Base */ = {isa = PBXFileReference; lastKnownFileType = file.storyboard; name = Base; path = Base.lproj/LaunchScreen.storyboard; sourceTree = "<group>"; };
		25DFFA352006030E0018D688 /* Info.plist */ = {isa = PBXFileReference; lastKnownFileType = text.plist.xml; path = Info.plist; sourceTree = "<group>"; };
		25DFFA3A2006030E0018D688 /* SpiffyGiphyTests.xctest */ = {isa = PBXFileReference; explicitFileType = wrapper.cfbundle; includeInIndex = 0; path = SpiffyGiphyTests.xctest; sourceTree = BUILT_PRODUCTS_DIR; };
		25DFFA3E2006030E0018D688 /* SpiffyGiphyTests.swift */ = {isa = PBXFileReference; lastKnownFileType = sourcecode.swift; path = SpiffyGiphyTests.swift; sourceTree = "<group>"; };
		25DFFA402006030E0018D688 /* Info.plist */ = {isa = PBXFileReference; lastKnownFileType = text.plist.xml; path = Info.plist; sourceTree = "<group>"; };
		25DFFA452006030E0018D688 /* SpiffyGiphyUITests.xctest */ = {isa = PBXFileReference; explicitFileType = wrapper.cfbundle; includeInIndex = 0; path = SpiffyGiphyUITests.xctest; sourceTree = BUILT_PRODUCTS_DIR; };
		25DFFA492006030E0018D688 /* SpiffyGiphyUITests.swift */ = {isa = PBXFileReference; lastKnownFileType = sourcecode.swift; path = SpiffyGiphyUITests.swift; sourceTree = "<group>"; };
		25DFFA4B2006030E0018D688 /* Info.plist */ = {isa = PBXFileReference; lastKnownFileType = text.plist.xml; path = Info.plist; sourceTree = "<group>"; };
		25DFFA57200603CA0018D688 /* AppCoordinator.swift */ = {isa = PBXFileReference; lastKnownFileType = sourcecode.swift; path = AppCoordinator.swift; sourceTree = "<group>"; };
		25DFFA5D20070BCB0018D688 /* TrendingCollectionViewController.swift */ = {isa = PBXFileReference; lastKnownFileType = sourcecode.swift; path = TrendingCollectionViewController.swift; sourceTree = "<group>"; };
		25DFFA5F20070DD60018D688 /* SpiffyGiphyNavigationController.swift */ = {isa = PBXFileReference; lastKnownFileType = sourcecode.swift; path = SpiffyGiphyNavigationController.swift; sourceTree = "<group>"; };
		25DFFA61200711BD0018D688 /* ColumnFlowLayout.swift */ = {isa = PBXFileReference; lastKnownFileType = sourcecode.swift; path = ColumnFlowLayout.swift; sourceTree = "<group>"; };
		25E9CCBE202E9D7F0034BAE4 /* GifViewTransitionController.swift */ = {isa = PBXFileReference; lastKnownFileType = sourcecode.swift; path = GifViewTransitionController.swift; sourceTree = "<group>"; };
		2C9D5B634F4D34236340EA44 /* Pods_SpiffyGiphyUITests.framework */ = {isa = PBXFileReference; explicitFileType = wrapper.framework; includeInIndex = 0; path = Pods_SpiffyGiphyUITests.framework; sourceTree = BUILT_PRODUCTS_DIR; };
		8F6A6A8085873719FD123A1F /* Pods-SpiffyGiphy.debug.xcconfig */ = {isa = PBXFileReference; includeInIndex = 1; lastKnownFileType = text.xcconfig; name = "Pods-SpiffyGiphy.debug.xcconfig"; path = "Pods/Target Support Files/Pods-SpiffyGiphy/Pods-SpiffyGiphy.debug.xcconfig"; sourceTree = "<group>"; };
		93E750EB42E500801308114E /* Pods-SpiffyGiphyTests.release.xcconfig */ = {isa = PBXFileReference; includeInIndex = 1; lastKnownFileType = text.xcconfig; name = "Pods-SpiffyGiphyTests.release.xcconfig"; path = "Pods/Target Support Files/Pods-SpiffyGiphyTests/Pods-SpiffyGiphyTests.release.xcconfig"; sourceTree = "<group>"; };
		B92D0876B029B15B95648427 /* Pods-SpiffyGiphyUITests.debug.xcconfig */ = {isa = PBXFileReference; includeInIndex = 1; lastKnownFileType = text.xcconfig; name = "Pods-SpiffyGiphyUITests.debug.xcconfig"; path = "Pods/Target Support Files/Pods-SpiffyGiphyUITests/Pods-SpiffyGiphyUITests.debug.xcconfig"; sourceTree = "<group>"; };
		CF44E0C9E29469FD06DDE5C6 /* Pods-SpiffyGiphyTests.debug.xcconfig */ = {isa = PBXFileReference; includeInIndex = 1; lastKnownFileType = text.xcconfig; name = "Pods-SpiffyGiphyTests.debug.xcconfig"; path = "Pods/Target Support Files/Pods-SpiffyGiphyTests/Pods-SpiffyGiphyTests.debug.xcconfig"; sourceTree = "<group>"; };
		E4D5C3A3EA1F74AC77309527 /* Pods_SpiffyGiphyTests.framework */ = {isa = PBXFileReference; explicitFileType = wrapper.framework; includeInIndex = 0; path = Pods_SpiffyGiphyTests.framework; sourceTree = BUILT_PRODUCTS_DIR; };
		F6409669E4F9682281AFDF0C /* Pods_SpiffyGiphy.framework */ = {isa = PBXFileReference; explicitFileType = wrapper.framework; includeInIndex = 0; path = Pods_SpiffyGiphy.framework; sourceTree = BUILT_PRODUCTS_DIR; };
		FB7850991C0A04C7C50C7742 /* Pods-SpiffyGiphyUITests.release.xcconfig */ = {isa = PBXFileReference; includeInIndex = 1; lastKnownFileType = text.xcconfig; name = "Pods-SpiffyGiphyUITests.release.xcconfig"; path = "Pods/Target Support Files/Pods-SpiffyGiphyUITests/Pods-SpiffyGiphyUITests.release.xcconfig"; sourceTree = "<group>"; };
/* End PBXFileReference section */

/* Begin PBXFrameworksBuildPhase section */
		25DFFA232006030E0018D688 /* Frameworks */ = {
			isa = PBXFrameworksBuildPhase;
			buildActionMask = 2147483647;
			files = (
				D1D35D8933B54D36905CA4FB /* Pods_SpiffyGiphy.framework in Frameworks */,
			);
			runOnlyForDeploymentPostprocessing = 0;
		};
		25DFFA372006030E0018D688 /* Frameworks */ = {
			isa = PBXFrameworksBuildPhase;
			buildActionMask = 2147483647;
			files = (
				D50E459EE78112D31C72098C /* Pods_SpiffyGiphyTests.framework in Frameworks */,
			);
			runOnlyForDeploymentPostprocessing = 0;
		};
		25DFFA422006030E0018D688 /* Frameworks */ = {
			isa = PBXFrameworksBuildPhase;
			buildActionMask = 2147483647;
			files = (
				4F69BA64452D6FCBFBD67B2C /* Pods_SpiffyGiphyUITests.framework in Frameworks */,
			);
			runOnlyForDeploymentPostprocessing = 0;
		};
/* End PBXFrameworksBuildPhase section */

/* Begin PBXGroup section */
		252DE0B9203F29ED002E6FED /* App */ = {
			isa = PBXGroup;
			children = (
				2542E40620082B0B004AF9C0 /* FirstLoadViewController.swift */,
				25DFFA5F20070DD60018D688 /* SpiffyGiphyNavigationController.swift */,
				25DFFA61200711BD0018D688 /* ColumnFlowLayout.swift */,
				2542E40420081B2B004AF9C0 /* NavDelegate.swift */,
				259B4B8E200DA39900819A0E /* Theme.swift */,
				25E9CCBE202E9D7F0034BAE4 /* GifViewTransitionController.swift */,
				25DFFA292006030E0018D688 /* AppDelegate.swift */,
				252DE0BA203F2A35002E6FED /* DynamicLayout.swift */,
			);
			path = App;
			sourceTree = "<group>";
		};
		2542E3FB200737A1004AF9C0 /* API */ = {
			isa = PBXGroup;
			children = (
				2542E3FC200737F7004AF9C0 /* ApiClient.swift */,
				2542E3FE2007391B004AF9C0 /* Endpoints.swift */,
				2542E4002007394F004AF9C0 /* GiphyApiClient.swift */,
				25413D5A2047413900FE1C5C /* GifCache.swift */,
			);
			path = API;
			sourceTree = "<group>";
		};
		257474BD78461B301CC723CD /* Frameworks */ = {
			isa = PBXGroup;
			children = (
				F6409669E4F9682281AFDF0C /* Pods_SpiffyGiphy.framework */,
				E4D5C3A3EA1F74AC77309527 /* Pods_SpiffyGiphyTests.framework */,
				2C9D5B634F4D34236340EA44 /* Pods_SpiffyGiphyUITests.framework */,
			);
			name = Frameworks;
			sourceTree = "<group>";
		};
		259B4B90200DA57E00819A0E /* Extensions */ = {
			isa = PBXGroup;
			children = (
				259B4B91200DA59D00819A0E /* UIFont.swift */,
				25088F83200DB5A9005CD5A4 /* UIColor.swift */,
				251C6FF02019553F0035F775 /* Dictionary+URLQueryParams.swift */,
			);
			path = Extensions;
			sourceTree = "<group>";
		};
		25DFFA1D2006030D0018D688 = {
			isa = PBXGroup;
			children = (
				25DFFA282006030E0018D688 /* SpiffyGiphy */,
				25DFFA3D2006030E0018D688 /* SpiffyGiphyTests */,
				25DFFA482006030E0018D688 /* SpiffyGiphyUITests */,
				25DFFA272006030E0018D688 /* Products */,
				4149B2161A0EB06AD6D9C548 /* Pods */,
				257474BD78461B301CC723CD /* Frameworks */,
			);
			sourceTree = "<group>";
		};
		25DFFA272006030E0018D688 /* Products */ = {
			isa = PBXGroup;
			children = (
				25DFFA262006030E0018D688 /* SpiffyGiphy.app */,
				25DFFA3A2006030E0018D688 /* SpiffyGiphyTests.xctest */,
				25DFFA452006030E0018D688 /* SpiffyGiphyUITests.xctest */,
			);
			name = Products;
			sourceTree = "<group>";
		};
		25DFFA282006030E0018D688 /* SpiffyGiphy */ = {
			isa = PBXGroup;
			children = (
				259B4B90200DA57E00819A0E /* Extensions */,
				2542E3FB200737A1004AF9C0 /* API */,
				25DFFA5B20070ABD0018D688 /* Coordinators */,
				25DFFA5A20070AAD0018D688 /* Models */,
				25DFFA5920070AA60018D688 /* User Interface */,
				25DFFA302006030E0018D688 /* Assets.xcassets */,
				25DFFA322006030E0018D688 /* LaunchScreen.storyboard */,
				25DFFA352006030E0018D688 /* Info.plist */,
			);
			path = SpiffyGiphy;
			sourceTree = "<group>";
		};
		25DFFA3D2006030E0018D688 /* SpiffyGiphyTests */ = {
			isa = PBXGroup;
			children = (
				25DFFA3E2006030E0018D688 /* SpiffyGiphyTests.swift */,
				25DFFA402006030E0018D688 /* Info.plist */,
			);
			path = SpiffyGiphyTests;
			sourceTree = "<group>";
		};
		25DFFA482006030E0018D688 /* SpiffyGiphyUITests */ = {
			isa = PBXGroup;
			children = (
				25DFFA492006030E0018D688 /* SpiffyGiphyUITests.swift */,
				25DFFA4B2006030E0018D688 /* Info.plist */,
			);
			path = SpiffyGiphyUITests;
			sourceTree = "<group>";
		};
		25DFFA5920070AA60018D688 /* User Interface */ = {
			isa = PBXGroup;
			children = (
				252DE0B9203F29ED002E6FED /* App */,
				25E9CCC0202E9E300034BAE4 /* Gif */,
				25DFFA5C20070B4B0018D688 /* Trending */,
			);
			path = "User Interface";
			sourceTree = "<group>";
		};
		25DFFA5A20070AAD0018D688 /* Models */ = {
			isa = PBXGroup;
			children = (
				258403D420194B850085DB97 /* MediaItem.swift */,
				251C6FF6201A51120035F775 /* GiphyUser.swift */,
				25267793201C5F4B00791E07 /* GifImage.swift */,
				25267795201DA4F200791E07 /* GifImageType.swift */,
				25BA63D820226B75004B4E2A /* GifsList.swift */,
			);
			path = Models;
			sourceTree = "<group>";
		};
		25DFFA5B20070ABD0018D688 /* Coordinators */ = {
			isa = PBXGroup;
			children = (
				25DFFA57200603CA0018D688 /* AppCoordinator.swift */,
				256806F9200CAF8F00BC5024 /* TrendingSearchFlowCoordinator.swift */,
				258A57B220328E2900DB8975 /* Coordinator.swift */,
			);
			path = Coordinators;
			sourceTree = "<group>";
		};
		25DFFA5C20070B4B0018D688 /* Trending */ = {
			isa = PBXGroup;
			children = (
				25DFFA5D20070BCB0018D688 /* TrendingCollectionViewController.swift */,
				2542E40220080B8E004AF9C0 /* TrendingInitialLoadAnimationController.swift */,
				256806FB200D204900BC5024 /* TrendingInitialLoadTransitioningDelegate.swift */,
				259B4B8A200D9F2E00819A0E /* TrendingCollectionViewCell.swift */,
				259B4B8C200DA06300819A0E /* TrendingCollectionViewDataSource.swift */,
				252E9AC0200E739700EB8D76 /* TrendingNavigationBar.swift */,
				25192DA22028CBF400F43D95 /* TrendingView.swift */,
				25192DA42028DDF200F43D95 /* KeyboardLayoutConstraint.swift */,
				259FB28A2058EEAD0021F94F /* LogoView.swift */,
			);
			path = Trending;
			sourceTree = "<group>";
		};
		25E9CCC0202E9E300034BAE4 /* Gif */ = {
			isa = PBXGroup;
			children = (
				2553A0EF204501C4001D1613 /* GifViewController.swift */,
				257D83AC204503F500BA4284 /* GifView.swift */,
				2567D057204F95CB00DD6871 /* UserImagePlaceholderView.swift */,
				251F4BD92051A50E00772BAC /* UserProfileImageView.swift */,
			);
			path = Gif;
			sourceTree = "<group>";
		};
		4149B2161A0EB06AD6D9C548 /* Pods */ = {
			isa = PBXGroup;
			children = (
				8F6A6A8085873719FD123A1F /* Pods-SpiffyGiphy.debug.xcconfig */,
				17919E6BFB65F0A457647760 /* Pods-SpiffyGiphy.release.xcconfig */,
				CF44E0C9E29469FD06DDE5C6 /* Pods-SpiffyGiphyTests.debug.xcconfig */,
				93E750EB42E500801308114E /* Pods-SpiffyGiphyTests.release.xcconfig */,
				B92D0876B029B15B95648427 /* Pods-SpiffyGiphyUITests.debug.xcconfig */,
				FB7850991C0A04C7C50C7742 /* Pods-SpiffyGiphyUITests.release.xcconfig */,
			);
			name = Pods;
			sourceTree = "<group>";
		};
/* End PBXGroup section */

/* Begin PBXNativeTarget section */
		25DFFA252006030E0018D688 /* SpiffyGiphy */ = {
			isa = PBXNativeTarget;
			buildConfigurationList = 25DFFA4E2006030E0018D688 /* Build configuration list for PBXNativeTarget "SpiffyGiphy" */;
			buildPhases = (
				6FAB068B6BB58EEFFFFD2CE8 /* [CP] Check Pods Manifest.lock */,
				25DFFA222006030E0018D688 /* Sources */,
				25DFFA232006030E0018D688 /* Frameworks */,
				25DFFA242006030E0018D688 /* Resources */,
				DEC3ACEC312B00CAFCB000C0 /* [CP] Embed Pods Frameworks */,
				4E2A75EC4B1709F9B664F61F /* [CP] Copy Pods Resources */,
			);
			buildRules = (
			);
			dependencies = (
			);
			name = SpiffyGiphy;
			productName = SpiffyGiphy;
			productReference = 25DFFA262006030E0018D688 /* SpiffyGiphy.app */;
			productType = "com.apple.product-type.application";
		};
		25DFFA392006030E0018D688 /* SpiffyGiphyTests */ = {
			isa = PBXNativeTarget;
			buildConfigurationList = 25DFFA512006030E0018D688 /* Build configuration list for PBXNativeTarget "SpiffyGiphyTests" */;
			buildPhases = (
				08FC894CA2A61DDE0D72BA59 /* [CP] Check Pods Manifest.lock */,
				25DFFA362006030E0018D688 /* Sources */,
				25DFFA372006030E0018D688 /* Frameworks */,
				25DFFA382006030E0018D688 /* Resources */,
				DD1B4AA28A7CB292B6C710D4 /* [CP] Embed Pods Frameworks */,
				C448BC066088D8AFBA7F70E5 /* [CP] Copy Pods Resources */,
			);
			buildRules = (
			);
			dependencies = (
				25DFFA3C2006030E0018D688 /* PBXTargetDependency */,
			);
			name = SpiffyGiphyTests;
			productName = SpiffyGiphyTests;
			productReference = 25DFFA3A2006030E0018D688 /* SpiffyGiphyTests.xctest */;
			productType = "com.apple.product-type.bundle.unit-test";
		};
		25DFFA442006030E0018D688 /* SpiffyGiphyUITests */ = {
			isa = PBXNativeTarget;
			buildConfigurationList = 25DFFA542006030E0018D688 /* Build configuration list for PBXNativeTarget "SpiffyGiphyUITests" */;
			buildPhases = (
				444CA4B48FBFE53709FD77EE /* [CP] Check Pods Manifest.lock */,
				25DFFA412006030E0018D688 /* Sources */,
				25DFFA422006030E0018D688 /* Frameworks */,
				25DFFA432006030E0018D688 /* Resources */,
				C524D7A29F73A2C5D9397EEF /* [CP] Embed Pods Frameworks */,
				89D5B1518A909C236C36A9BC /* [CP] Copy Pods Resources */,
			);
			buildRules = (
			);
			dependencies = (
				25DFFA472006030E0018D688 /* PBXTargetDependency */,
			);
			name = SpiffyGiphyUITests;
			productName = SpiffyGiphyUITests;
			productReference = 25DFFA452006030E0018D688 /* SpiffyGiphyUITests.xctest */;
			productType = "com.apple.product-type.bundle.ui-testing";
		};
/* End PBXNativeTarget section */

/* Begin PBXProject section */
		25DFFA1E2006030E0018D688 /* Project object */ = {
			isa = PBXProject;
			attributes = {
				LastSwiftUpdateCheck = 0920;
				LastUpgradeCheck = 0920;
				ORGANIZATIONNAME = "Kevin Farst";
				TargetAttributes = {
					25DFFA252006030E0018D688 = {
						CreatedOnToolsVersion = 9.2;
						ProvisioningStyle = Automatic;
					};
					25DFFA392006030E0018D688 = {
						CreatedOnToolsVersion = 9.2;
						ProvisioningStyle = Automatic;
						TestTargetID = 25DFFA252006030E0018D688;
					};
					25DFFA442006030E0018D688 = {
						CreatedOnToolsVersion = 9.2;
						ProvisioningStyle = Automatic;
						TestTargetID = 25DFFA252006030E0018D688;
					};
				};
			};
			buildConfigurationList = 25DFFA212006030E0018D688 /* Build configuration list for PBXProject "SpiffyGiphy" */;
			compatibilityVersion = "Xcode 8.0";
			developmentRegion = en;
			hasScannedForEncodings = 0;
			knownRegions = (
				en,
				Base,
			);
			mainGroup = 25DFFA1D2006030D0018D688;
			productRefGroup = 25DFFA272006030E0018D688 /* Products */;
			projectDirPath = "";
			projectRoot = "";
			targets = (
				25DFFA252006030E0018D688 /* SpiffyGiphy */,
				25DFFA392006030E0018D688 /* SpiffyGiphyTests */,
				25DFFA442006030E0018D688 /* SpiffyGiphyUITests */,
			);
		};
/* End PBXProject section */

/* Begin PBXResourcesBuildPhase section */
		25DFFA242006030E0018D688 /* Resources */ = {
			isa = PBXResourcesBuildPhase;
			buildActionMask = 2147483647;
			files = (
				25DFFA342006030E0018D688 /* LaunchScreen.storyboard in Resources */,
				25DFFA312006030E0018D688 /* Assets.xcassets in Resources */,
			);
			runOnlyForDeploymentPostprocessing = 0;
		};
		25DFFA382006030E0018D688 /* Resources */ = {
			isa = PBXResourcesBuildPhase;
			buildActionMask = 2147483647;
			files = (
			);
			runOnlyForDeploymentPostprocessing = 0;
		};
		25DFFA432006030E0018D688 /* Resources */ = {
			isa = PBXResourcesBuildPhase;
			buildActionMask = 2147483647;
			files = (
			);
			runOnlyForDeploymentPostprocessing = 0;
		};
/* End PBXResourcesBuildPhase section */

/* Begin PBXShellScriptBuildPhase section */
		08FC894CA2A61DDE0D72BA59 /* [CP] Check Pods Manifest.lock */ = {
			isa = PBXShellScriptBuildPhase;
			buildActionMask = 2147483647;
			files = (
			);
			inputPaths = (
			);
			name = "[CP] Check Pods Manifest.lock";
			outputPaths = (
			);
			runOnlyForDeploymentPostprocessing = 0;
			shellPath = /bin/sh;
			shellScript = "diff \"${PODS_PODFILE_DIR_PATH}/Podfile.lock\" \"${PODS_ROOT}/Manifest.lock\" > /dev/null\nif [ $? != 0 ] ; then\n    # print error to STDERR\n    echo \"error: The sandbox is not in sync with the Podfile.lock. Run 'pod install' or update your CocoaPods installation.\" >&2\n    exit 1\nfi\n";
			showEnvVarsInLog = 0;
		};
		444CA4B48FBFE53709FD77EE /* [CP] Check Pods Manifest.lock */ = {
			isa = PBXShellScriptBuildPhase;
			buildActionMask = 2147483647;
			files = (
			);
			inputPaths = (
			);
			name = "[CP] Check Pods Manifest.lock";
			outputPaths = (
			);
			runOnlyForDeploymentPostprocessing = 0;
			shellPath = /bin/sh;
			shellScript = "diff \"${PODS_PODFILE_DIR_PATH}/Podfile.lock\" \"${PODS_ROOT}/Manifest.lock\" > /dev/null\nif [ $? != 0 ] ; then\n    # print error to STDERR\n    echo \"error: The sandbox is not in sync with the Podfile.lock. Run 'pod install' or update your CocoaPods installation.\" >&2\n    exit 1\nfi\n";
			showEnvVarsInLog = 0;
		};
		4E2A75EC4B1709F9B664F61F /* [CP] Copy Pods Resources */ = {
			isa = PBXShellScriptBuildPhase;
			buildActionMask = 2147483647;
			files = (
			);
			inputPaths = (
			);
			name = "[CP] Copy Pods Resources";
			outputPaths = (
			);
			runOnlyForDeploymentPostprocessing = 0;
			shellPath = /bin/sh;
			shellScript = "\"${SRCROOT}/Pods/Target Support Files/Pods-SpiffyGiphy/Pods-SpiffyGiphy-resources.sh\"\n";
			showEnvVarsInLog = 0;
		};
		6FAB068B6BB58EEFFFFD2CE8 /* [CP] Check Pods Manifest.lock */ = {
			isa = PBXShellScriptBuildPhase;
			buildActionMask = 2147483647;
			files = (
			);
			inputPaths = (
			);
			name = "[CP] Check Pods Manifest.lock";
			outputPaths = (
			);
			runOnlyForDeploymentPostprocessing = 0;
			shellPath = /bin/sh;
			shellScript = "diff \"${PODS_PODFILE_DIR_PATH}/Podfile.lock\" \"${PODS_ROOT}/Manifest.lock\" > /dev/null\nif [ $? != 0 ] ; then\n    # print error to STDERR\n    echo \"error: The sandbox is not in sync with the Podfile.lock. Run 'pod install' or update your CocoaPods installation.\" >&2\n    exit 1\nfi\n";
			showEnvVarsInLog = 0;
		};
		89D5B1518A909C236C36A9BC /* [CP] Copy Pods Resources */ = {
			isa = PBXShellScriptBuildPhase;
			buildActionMask = 2147483647;
			files = (
			);
			inputPaths = (
			);
			name = "[CP] Copy Pods Resources";
			outputPaths = (
			);
			runOnlyForDeploymentPostprocessing = 0;
			shellPath = /bin/sh;
			shellScript = "\"${SRCROOT}/Pods/Target Support Files/Pods-SpiffyGiphyUITests/Pods-SpiffyGiphyUITests-resources.sh\"\n";
			showEnvVarsInLog = 0;
		};
		C448BC066088D8AFBA7F70E5 /* [CP] Copy Pods Resources */ = {
			isa = PBXShellScriptBuildPhase;
			buildActionMask = 2147483647;
			files = (
			);
			inputPaths = (
			);
			name = "[CP] Copy Pods Resources";
			outputPaths = (
			);
			runOnlyForDeploymentPostprocessing = 0;
			shellPath = /bin/sh;
			shellScript = "\"${SRCROOT}/Pods/Target Support Files/Pods-SpiffyGiphyTests/Pods-SpiffyGiphyTests-resources.sh\"\n";
			showEnvVarsInLog = 0;
		};
		C524D7A29F73A2C5D9397EEF /* [CP] Embed Pods Frameworks */ = {
			isa = PBXShellScriptBuildPhase;
			buildActionMask = 2147483647;
			files = (
			);
			inputPaths = (
			);
			name = "[CP] Embed Pods Frameworks";
			outputPaths = (
			);
			runOnlyForDeploymentPostprocessing = 0;
			shellPath = /bin/sh;
			shellScript = "\"${SRCROOT}/Pods/Target Support Files/Pods-SpiffyGiphyUITests/Pods-SpiffyGiphyUITests-frameworks.sh\"\n";
			showEnvVarsInLog = 0;
		};
		DD1B4AA28A7CB292B6C710D4 /* [CP] Embed Pods Frameworks */ = {
			isa = PBXShellScriptBuildPhase;
			buildActionMask = 2147483647;
			files = (
			);
			inputPaths = (
			);
			name = "[CP] Embed Pods Frameworks";
			outputPaths = (
			);
			runOnlyForDeploymentPostprocessing = 0;
			shellPath = /bin/sh;
			shellScript = "\"${SRCROOT}/Pods/Target Support Files/Pods-SpiffyGiphyTests/Pods-SpiffyGiphyTests-frameworks.sh\"\n";
			showEnvVarsInLog = 0;
		};
		DEC3ACEC312B00CAFCB000C0 /* [CP] Embed Pods Frameworks */ = {
			isa = PBXShellScriptBuildPhase;
			buildActionMask = 2147483647;
			files = (
			);
			inputPaths = (
			);
			name = "[CP] Embed Pods Frameworks";
			outputPaths = (
			);
			runOnlyForDeploymentPostprocessing = 0;
			shellPath = /bin/sh;
			shellScript = "\"${SRCROOT}/Pods/Target Support Files/Pods-SpiffyGiphy/Pods-SpiffyGiphy-frameworks.sh\"\n";
			showEnvVarsInLog = 0;
		};
/* End PBXShellScriptBuildPhase section */

/* Begin PBXSourcesBuildPhase section */
		25DFFA222006030E0018D688 /* Sources */ = {
			isa = PBXSourcesBuildPhase;
			buildActionMask = 2147483647;
			files = (
				25E9CCBF202E9D7F0034BAE4 /* GifViewTransitionController.swift in Sources */,
				259FB28B2058EEAD0021F94F /* LogoView.swift in Sources */,
				25267796201DA4F200791E07 /* GifImageType.swift in Sources */,
				2542E40520081B2B004AF9C0 /* NavDelegate.swift in Sources */,
				259B4B92200DA59D00819A0E /* UIFont.swift in Sources */,
				25267794201C5F4B00791E07 /* GifImage.swift in Sources */,
				25DFFA58200603CA0018D688 /* AppCoordinator.swift in Sources */,
				2542E40320080B8E004AF9C0 /* TrendingInitialLoadAnimationController.swift in Sources */,
				2542E4012007394F004AF9C0 /* GiphyApiClient.swift in Sources */,
				25DFFA5E20070BCB0018D688 /* TrendingCollectionViewController.swift in Sources */,
				251C6FF7201A51120035F775 /* GiphyUser.swift in Sources */,
				258403D520194B850085DB97 /* MediaItem.swift in Sources */,
				252DE0BB203F2A35002E6FED /* DynamicLayout.swift in Sources */,
				25413D5B2047413900FE1C5C /* GifCache.swift in Sources */,
				259B4B8F200DA39900819A0E /* Theme.swift in Sources */,
				251F4BDA2051A50E00772BAC /* UserProfileImageView.swift in Sources */,
				259B4B8D200DA06300819A0E /* TrendingCollectionViewDataSource.swift in Sources */,
				252E9AC1200E739700EB8D76 /* TrendingNavigationBar.swift in Sources */,
				25088F84200DB5A9005CD5A4 /* UIColor.swift in Sources */,
				25192DA52028DDF200F43D95 /* KeyboardLayoutConstraint.swift in Sources */,
				251C6FF12019553F0035F775 /* Dictionary+URLQueryParams.swift in Sources */,
				256806FC200D204900BC5024 /* TrendingInitialLoadTransitioningDelegate.swift in Sources */,
				258A57B320328E2900DB8975 /* Coordinator.swift in Sources */,
				25DFFA62200711BD0018D688 /* ColumnFlowLayout.swift in Sources */,
				2542E3FF2007391B004AF9C0 /* Endpoints.swift in Sources */,
				259B4B8B200D9F2E00819A0E /* TrendingCollectionViewCell.swift in Sources */,
				25192DA32028CBF400F43D95 /* TrendingView.swift in Sources */,
				2542E40720082B0B004AF9C0 /* FirstLoadViewController.swift in Sources */,
				257D83AD204503F500BA4284 /* GifView.swift in Sources */,
				2553A0F0204501C4001D1613 /* GifViewController.swift in Sources */,
				25DFFA6020070DD60018D688 /* SpiffyGiphyNavigationController.swift in Sources */,
				25BA63D920226B75004B4E2A /* GifsList.swift in Sources */,
				25DFFA2A2006030E0018D688 /* AppDelegate.swift in Sources */,
				2542E3FD200737F7004AF9C0 /* ApiClient.swift in Sources */,
				256806FA200CAF8F00BC5024 /* TrendingSearchFlowCoordinator.swift in Sources */,
				2567D058204F95CB00DD6871 /* UserImagePlaceholderView.swift in Sources */,
			);
			runOnlyForDeploymentPostprocessing = 0;
		};
		25DFFA362006030E0018D688 /* Sources */ = {
			isa = PBXSourcesBuildPhase;
			buildActionMask = 2147483647;
			files = (
				25DFFA3F2006030E0018D688 /* SpiffyGiphyTests.swift in Sources */,
			);
			runOnlyForDeploymentPostprocessing = 0;
		};
		25DFFA412006030E0018D688 /* Sources */ = {
			isa = PBXSourcesBuildPhase;
			buildActionMask = 2147483647;
			files = (
				25DFFA4A2006030E0018D688 /* SpiffyGiphyUITests.swift in Sources */,
			);
			runOnlyForDeploymentPostprocessing = 0;
		};
/* End PBXSourcesBuildPhase section */

/* Begin PBXTargetDependency section */
		25DFFA3C2006030E0018D688 /* PBXTargetDependency */ = {
			isa = PBXTargetDependency;
			target = 25DFFA252006030E0018D688 /* SpiffyGiphy */;
			targetProxy = 25DFFA3B2006030E0018D688 /* PBXContainerItemProxy */;
		};
		25DFFA472006030E0018D688 /* PBXTargetDependency */ = {
			isa = PBXTargetDependency;
			target = 25DFFA252006030E0018D688 /* SpiffyGiphy */;
			targetProxy = 25DFFA462006030E0018D688 /* PBXContainerItemProxy */;
		};
/* End PBXTargetDependency section */

/* Begin PBXVariantGroup section */
		25DFFA322006030E0018D688 /* LaunchScreen.storyboard */ = {
			isa = PBXVariantGroup;
			children = (
				25DFFA332006030E0018D688 /* Base */,
			);
			name = LaunchScreen.storyboard;
			sourceTree = "<group>";
		};
/* End PBXVariantGroup section */

/* Begin XCBuildConfiguration section */
		25DFFA4C2006030E0018D688 /* Debug */ = {
			isa = XCBuildConfiguration;
			buildSettings = {
				ALWAYS_SEARCH_USER_PATHS = NO;
				CLANG_ANALYZER_NONNULL = YES;
				CLANG_ANALYZER_NUMBER_OBJECT_CONVERSION = YES_AGGRESSIVE;
				CLANG_CXX_LANGUAGE_STANDARD = "gnu++14";
				CLANG_CXX_LIBRARY = "libc++";
				CLANG_ENABLE_MODULES = YES;
				CLANG_ENABLE_OBJC_ARC = YES;
				CLANG_WARN_BLOCK_CAPTURE_AUTORELEASING = YES;
				CLANG_WARN_BOOL_CONVERSION = YES;
				CLANG_WARN_COMMA = YES;
				CLANG_WARN_CONSTANT_CONVERSION = YES;
				CLANG_WARN_DIRECT_OBJC_ISA_USAGE = YES_ERROR;
				CLANG_WARN_DOCUMENTATION_COMMENTS = YES;
				CLANG_WARN_EMPTY_BODY = YES;
				CLANG_WARN_ENUM_CONVERSION = YES;
				CLANG_WARN_INFINITE_RECURSION = YES;
				CLANG_WARN_INT_CONVERSION = YES;
				CLANG_WARN_NON_LITERAL_NULL_CONVERSION = YES;
				CLANG_WARN_OBJC_LITERAL_CONVERSION = YES;
				CLANG_WARN_OBJC_ROOT_CLASS = YES_ERROR;
				CLANG_WARN_RANGE_LOOP_ANALYSIS = YES;
				CLANG_WARN_STRICT_PROTOTYPES = YES;
				CLANG_WARN_SUSPICIOUS_MOVE = YES;
				CLANG_WARN_UNGUARDED_AVAILABILITY = YES_AGGRESSIVE;
				CLANG_WARN_UNREACHABLE_CODE = YES;
				CLANG_WARN__DUPLICATE_METHOD_MATCH = YES;
				CODE_SIGN_IDENTITY = "iPhone Developer";
				COPY_PHASE_STRIP = NO;
				DEBUG_INFORMATION_FORMAT = dwarf;
				ENABLE_STRICT_OBJC_MSGSEND = YES;
				ENABLE_TESTABILITY = YES;
				GCC_C_LANGUAGE_STANDARD = gnu11;
				GCC_DYNAMIC_NO_PIC = NO;
				GCC_NO_COMMON_BLOCKS = YES;
				GCC_OPTIMIZATION_LEVEL = 0;
				GCC_PREPROCESSOR_DEFINITIONS = (
					"DEBUG=1",
					"$(inherited)",
				);
				GCC_WARN_64_TO_32_BIT_CONVERSION = YES;
				GCC_WARN_ABOUT_RETURN_TYPE = YES_ERROR;
				GCC_WARN_UNDECLARED_SELECTOR = YES;
				GCC_WARN_UNINITIALIZED_AUTOS = YES_AGGRESSIVE;
				GCC_WARN_UNUSED_FUNCTION = YES;
				GCC_WARN_UNUSED_VARIABLE = YES;
				GIPHY_API_KEY = M78G3uPiDf8ADDNYbzw28T8it5Iddtmo;
				GIPHY_API_URL = "https://api.giphy.com/v1/gifs";
				IPHONEOS_DEPLOYMENT_TARGET = 11.2;
				MTL_ENABLE_DEBUG_INFO = YES;
				ONLY_ACTIVE_ARCH = YES;
				SDKROOT = iphoneos;
				SWIFT_ACTIVE_COMPILATION_CONDITIONS = DEBUG;
				SWIFT_OPTIMIZATION_LEVEL = "-Onone";
			};
			name = Debug;
		};
		25DFFA4D2006030E0018D688 /* Release */ = {
			isa = XCBuildConfiguration;
			buildSettings = {
				ALWAYS_SEARCH_USER_PATHS = NO;
				CLANG_ANALYZER_NONNULL = YES;
				CLANG_ANALYZER_NUMBER_OBJECT_CONVERSION = YES_AGGRESSIVE;
				CLANG_CXX_LANGUAGE_STANDARD = "gnu++14";
				CLANG_CXX_LIBRARY = "libc++";
				CLANG_ENABLE_MODULES = YES;
				CLANG_ENABLE_OBJC_ARC = YES;
				CLANG_WARN_BLOCK_CAPTURE_AUTORELEASING = YES;
				CLANG_WARN_BOOL_CONVERSION = YES;
				CLANG_WARN_COMMA = YES;
				CLANG_WARN_CONSTANT_CONVERSION = YES;
				CLANG_WARN_DIRECT_OBJC_ISA_USAGE = YES_ERROR;
				CLANG_WARN_DOCUMENTATION_COMMENTS = YES;
				CLANG_WARN_EMPTY_BODY = YES;
				CLANG_WARN_ENUM_CONVERSION = YES;
				CLANG_WARN_INFINITE_RECURSION = YES;
				CLANG_WARN_INT_CONVERSION = YES;
				CLANG_WARN_NON_LITERAL_NULL_CONVERSION = YES;
				CLANG_WARN_OBJC_LITERAL_CONVERSION = YES;
				CLANG_WARN_OBJC_ROOT_CLASS = YES_ERROR;
				CLANG_WARN_RANGE_LOOP_ANALYSIS = YES;
				CLANG_WARN_STRICT_PROTOTYPES = YES;
				CLANG_WARN_SUSPICIOUS_MOVE = YES;
				CLANG_WARN_UNGUARDED_AVAILABILITY = YES_AGGRESSIVE;
				CLANG_WARN_UNREACHABLE_CODE = YES;
				CLANG_WARN__DUPLICATE_METHOD_MATCH = YES;
				CODE_SIGN_IDENTITY = "iPhone Developer";
				COPY_PHASE_STRIP = NO;
				DEBUG_INFORMATION_FORMAT = "dwarf-with-dsym";
				ENABLE_NS_ASSERTIONS = NO;
				ENABLE_STRICT_OBJC_MSGSEND = YES;
				GCC_C_LANGUAGE_STANDARD = gnu11;
				GCC_NO_COMMON_BLOCKS = YES;
				GCC_WARN_64_TO_32_BIT_CONVERSION = YES;
				GCC_WARN_ABOUT_RETURN_TYPE = YES_ERROR;
				GCC_WARN_UNDECLARED_SELECTOR = YES;
				GCC_WARN_UNINITIALIZED_AUTOS = YES_AGGRESSIVE;
				GCC_WARN_UNUSED_FUNCTION = YES;
				GCC_WARN_UNUSED_VARIABLE = YES;
				GIPHY_API_KEY = M78G3uPiDf8ADDNYbzw28T8it5Iddtmo;
				GIPHY_API_URL = "https://api.giphy.com/v1/gifs";
				IPHONEOS_DEPLOYMENT_TARGET = 11.2;
				MTL_ENABLE_DEBUG_INFO = NO;
				SDKROOT = iphoneos;
				SWIFT_OPTIMIZATION_LEVEL = "-Owholemodule";
				VALIDATE_PRODUCT = YES;
			};
			name = Release;
		};
		25DFFA4F2006030E0018D688 /* Debug */ = {
			isa = XCBuildConfiguration;
			baseConfigurationReference = 8F6A6A8085873719FD123A1F /* Pods-SpiffyGiphy.debug.xcconfig */;
			buildSettings = {
				ASSETCATALOG_COMPILER_APPICON_NAME = AppIcon;
				CODE_SIGN_STYLE = Automatic;
				DEVELOPMENT_TEAM = V5X2UCZH4N;
				GIPHY_API_URL = "$(GIPHY_API_URL)";
				INFOPLIST_FILE = SpiffyGiphy/Info.plist;
				LD_RUNPATH_SEARCH_PATHS = "$(inherited) @executable_path/Frameworks";
				PRODUCT_BUNDLE_IDENTIFIER = com.kfarst.SpiffyGiphy;
				PRODUCT_NAME = "$(TARGET_NAME)";
				SWIFT_VERSION = 4.0;
				TARGETED_DEVICE_FAMILY = "1,2";
			};
			name = Debug;
		};
		25DFFA502006030E0018D688 /* Release */ = {
			isa = XCBuildConfiguration;
			baseConfigurationReference = 17919E6BFB65F0A457647760 /* Pods-SpiffyGiphy.release.xcconfig */;
			buildSettings = {
				ASSETCATALOG_COMPILER_APPICON_NAME = AppIcon;
				CODE_SIGN_STYLE = Automatic;
				DEVELOPMENT_TEAM = V5X2UCZH4N;
				GIPHY_API_URL = "$(GIPHY_API_URL)";
				INFOPLIST_FILE = SpiffyGiphy/Info.plist;
				LD_RUNPATH_SEARCH_PATHS = "$(inherited) @executable_path/Frameworks";
				PRODUCT_BUNDLE_IDENTIFIER = com.kfarst.SpiffyGiphy;
				PRODUCT_NAME = "$(TARGET_NAME)";
				SWIFT_VERSION = 4.0;
				TARGETED_DEVICE_FAMILY = "1,2";
			};
			name = Release;
		};
		25DFFA522006030E0018D688 /* Debug */ = {
			isa = XCBuildConfiguration;
			baseConfigurationReference = CF44E0C9E29469FD06DDE5C6 /* Pods-SpiffyGiphyTests.debug.xcconfig */;
			buildSettings = {
				ALWAYS_EMBED_SWIFT_STANDARD_LIBRARIES = YES;
				BUNDLE_LOADER = "$(TEST_HOST)";
				CODE_SIGN_STYLE = Automatic;
				DEVELOPMENT_TEAM = V5X2UCZH4N;
				GIPHY_API_URL = "$(GIPHY_API_URL)";
				INFOPLIST_FILE = SpiffyGiphyTests/Info.plist;
				LD_RUNPATH_SEARCH_PATHS = "$(inherited) @executable_path/Frameworks @loader_path/Frameworks";
				PRODUCT_BUNDLE_IDENTIFIER = com.kfarst.SpiffyGiphyTests;
				PRODUCT_NAME = "$(TARGET_NAME)";
				SWIFT_VERSION = 4.0;
				TARGETED_DEVICE_FAMILY = "1,2";
				TEST_HOST = "$(BUILT_PRODUCTS_DIR)/SpiffyGiphy.app/SpiffyGiphy";
			};
			name = Debug;
		};
		25DFFA532006030E0018D688 /* Release */ = {
			isa = XCBuildConfiguration;
			baseConfigurationReference = 93E750EB42E500801308114E /* Pods-SpiffyGiphyTests.release.xcconfig */;
			buildSettings = {
				ALWAYS_EMBED_SWIFT_STANDARD_LIBRARIES = YES;
				BUNDLE_LOADER = "$(TEST_HOST)";
				CODE_SIGN_STYLE = Automatic;
				DEVELOPMENT_TEAM = V5X2UCZH4N;
				GIPHY_API_URL = "$(GIPHY_API_URL)";
				INFOPLIST_FILE = SpiffyGiphyTests/Info.plist;
				LD_RUNPATH_SEARCH_PATHS = "$(inherited) @executable_path/Frameworks @loader_path/Frameworks";
				PRODUCT_BUNDLE_IDENTIFIER = com.kfarst.SpiffyGiphyTests;
				PRODUCT_NAME = "$(TARGET_NAME)";
				SWIFT_VERSION = 4.0;
				TARGETED_DEVICE_FAMILY = "1,2";
				TEST_HOST = "$(BUILT_PRODUCTS_DIR)/SpiffyGiphy.app/SpiffyGiphy";
			};
			name = Release;
		};
		25DFFA552006030E0018D688 /* Debug */ = {
			isa = XCBuildConfiguration;
			baseConfigurationReference = B92D0876B029B15B95648427 /* Pods-SpiffyGiphyUITests.debug.xcconfig */;
			buildSettings = {
				ALWAYS_EMBED_SWIFT_STANDARD_LIBRARIES = YES;
				CODE_SIGN_STYLE = Automatic;
				DEVELOPMENT_TEAM = V5X2UCZH4N;
				GIPHY_API_URL = "$(GIPHY_API_URL)";
				INFOPLIST_FILE = SpiffyGiphyUITests/Info.plist;
				LD_RUNPATH_SEARCH_PATHS = "$(inherited) @executable_path/Frameworks @loader_path/Frameworks";
				PRODUCT_BUNDLE_IDENTIFIER = com.kfarst.SpiffyGiphyUITests;
				PRODUCT_NAME = "$(TARGET_NAME)";
				SWIFT_VERSION = 4.0;
				TARGETED_DEVICE_FAMILY = "1,2";
				TEST_TARGET_NAME = SpiffyGiphy;
			};
			name = Debug;
		};
		25DFFA562006030E0018D688 /* Release */ = {
			isa = XCBuildConfiguration;
			baseConfigurationReference = FB7850991C0A04C7C50C7742 /* Pods-SpiffyGiphyUITests.release.xcconfig */;
			buildSettings = {
				ALWAYS_EMBED_SWIFT_STANDARD_LIBRARIES = YES;
				CODE_SIGN_STYLE = Automatic;
				DEVELOPMENT_TEAM = V5X2UCZH4N;
				GIPHY_API_URL = "$(GIPHY_API_URL)";
				INFOPLIST_FILE = SpiffyGiphyUITests/Info.plist;
				LD_RUNPATH_SEARCH_PATHS = "$(inherited) @executable_path/Frameworks @loader_path/Frameworks";
				PRODUCT_BUNDLE_IDENTIFIER = com.kfarst.SpiffyGiphyUITests;
				PRODUCT_NAME = "$(TARGET_NAME)";
				SWIFT_VERSION = 4.0;
				TARGETED_DEVICE_FAMILY = "1,2";
				TEST_TARGET_NAME = SpiffyGiphy;
			};
			name = Release;
		};
/* End XCBuildConfiguration section */

/* Begin XCConfigurationList section */
		25DFFA212006030E0018D688 /* Build configuration list for PBXProject "SpiffyGiphy" */ = {
			isa = XCConfigurationList;
			buildConfigurations = (
				25DFFA4C2006030E0018D688 /* Debug */,
				25DFFA4D2006030E0018D688 /* Release */,
			);
			defaultConfigurationIsVisible = 0;
			defaultConfigurationName = Release;
		};
		25DFFA4E2006030E0018D688 /* Build configuration list for PBXNativeTarget "SpiffyGiphy" */ = {
			isa = XCConfigurationList;
			buildConfigurations = (
				25DFFA4F2006030E0018D688 /* Debug */,
				25DFFA502006030E0018D688 /* Release */,
			);
			defaultConfigurationIsVisible = 0;
			defaultConfigurationName = Release;
		};
		25DFFA512006030E0018D688 /* Build configuration list for PBXNativeTarget "SpiffyGiphyTests" */ = {
			isa = XCConfigurationList;
			buildConfigurations = (
				25DFFA522006030E0018D688 /* Debug */,
				25DFFA532006030E0018D688 /* Release */,
			);
			defaultConfigurationIsVisible = 0;
			defaultConfigurationName = Release;
		};
		25DFFA542006030E0018D688 /* Build configuration list for PBXNativeTarget "SpiffyGiphyUITests" */ = {
			isa = XCConfigurationList;
			buildConfigurations = (
				25DFFA552006030E0018D688 /* Debug */,
				25DFFA562006030E0018D688 /* Release */,
			);
			defaultConfigurationIsVisible = 0;
			defaultConfigurationName = Release;
		};
/* End XCConfigurationList section */
	};
	rootObject = 25DFFA1E2006030E0018D688 /* Project object */;
}
